// !$*UTF8*$!
{
	archiveVersion = 1;
	classes = {
	};
	objectVersion = 48;
	objects = {

/* Begin PBXBuildFile section */
		D03B82131FB9AC0100803CA2 /* AppDelegate.swift in Sources */ = {isa = PBXBuildFile; fileRef = D03B82121FB9AC0100803CA2 /* AppDelegate.swift */; };
		D03B82151FB9AC0100803CA2 /* ViewController.swift in Sources */ = {isa = PBXBuildFile; fileRef = D03B82141FB9AC0100803CA2 /* ViewController.swift */; };
		D03B82181FB9AC0100803CA2 /* Main.storyboard in Resources */ = {isa = PBXBuildFile; fileRef = D03B82161FB9AC0100803CA2 /* Main.storyboard */; };
		D03B821A1FB9AC0100803CA2 /* Assets.xcassets in Resources */ = {isa = PBXBuildFile; fileRef = D03B82191FB9AC0100803CA2 /* Assets.xcassets */; };
		D03B821D1FB9AC0100803CA2 /* LaunchScreen.storyboard in Resources */ = {isa = PBXBuildFile; fileRef = D03B821B1FB9AC0100803CA2 /* LaunchScreen.storyboard */; };
		D03B82281FB9AC0100803CA2 /* FahrensiusConverterTests.swift in Sources */ = {isa = PBXBuildFile; fileRef = D03B82271FB9AC0100803CA2 /* FahrensiusConverterTests.swift */; };
/* End PBXBuildFile section */

/* Begin PBXContainerItemProxy section */
		D03B82241FB9AC0100803CA2 /* PBXContainerItemProxy */ = {
			isa = PBXContainerItemProxy;
			containerPortal = D03B82071FB9AC0100803CA2 /* Project object */;
			proxyType = 1;
			remoteGlobalIDString = D03B820E1FB9AC0100803CA2;
			remoteInfo = FahrensiusConverter;
		};
/* End PBXContainerItemProxy section */

/* Begin PBXFileReference section */
		D03B820F1FB9AC0100803CA2 /* FahrensiusConverter.app */ = {isa = PBXFileReference; explicitFileType = wrapper.application; includeInIndex = 0; path = FahrensiusConverter.app; sourceTree = BUILT_PRODUCTS_DIR; };
		D03B82121FB9AC0100803CA2 /* AppDelegate.swift */ = {isa = PBXFileReference; lastKnownFileType = sourcecode.swift; path = AppDelegate.swift; sourceTree = "<group>"; };
		D03B82141FB9AC0100803CA2 /* ViewController.swift */ = {isa = PBXFileReference; lastKnownFileType = sourcecode.swift; path = ViewController.swift; sourceTree = "<group>"; };
		D03B82171FB9AC0100803CA2 /* Base */ = {isa = PBXFileReference; lastKnownFileType = file.storyboard; name = Base; path = Base.lproj/Main.storyboard; sourceTree = "<group>"; };
		D03B82191FB9AC0100803CA2 /* Assets.xcassets */ = {isa = PBXFileReference; lastKnownFileType = folder.assetcatalog; path = Assets.xcassets; sourceTree = "<group>"; };
		D03B821C1FB9AC0100803CA2 /* Base */ = {isa = PBXFileReference; lastKnownFileType = file.storyboard; name = Base; path = Base.lproj/LaunchScreen.storyboard; sourceTree = "<group>"; };
		D03B821E1FB9AC0100803CA2 /* Info.plist */ = {isa = PBXFileReference; lastKnownFileType = text.plist.xml; path = Info.plist; sourceTree = "<group>"; };
		D03B82231FB9AC0100803CA2 /* FahrensiusConverterTests.xctest */ = {isa = PBXFileReference; explicitFileType = wrapper.cfbundle; includeInIndex = 0; path = FahrensiusConverterTests.xctest; sourceTree = BUILT_PRODUCTS_DIR; };
		D03B82271FB9AC0100803CA2 /* FahrensiusConverterTests.swift */ = {isa = PBXFileReference; lastKnownFileType = sourcecode.swift; path = FahrensiusConverterTests.swift; sourceTree = "<group>"; };
		D03B82291FB9AC0100803CA2 /* Info.plist */ = {isa = PBXFileReference; lastKnownFileType = text.plist.xml; path = Info.plist; sourceTree = "<group>"; };
/* End PBXFileReference section */

/* Begin PBXFrameworksBuildPhase section */
		D03B820C1FB9AC0100803CA2 /* Frameworks */ = {
			isa = PBXFrameworksBuildPhase;
			buildActionMask = 2147483647;
			files = (
			);
			runOnlyForDeploymentPostprocessing = 0;
		};
		D03B82201FB9AC0100803CA2 /* Frameworks */ = {
			isa = PBXFrameworksBuildPhase;
			buildActionMask = 2147483647;
			files = (
			);
			runOnlyForDeploymentPostprocessing = 0;
		};
/* End PBXFrameworksBuildPhase section */

/* Begin PBXGroup section */
		D03B82061FB9AC0100803CA2 = {
			isa = PBXGroup;
			children = (
				D03B82111FB9AC0100803CA2 /* FahrensiusConverter */,
				D03B82261FB9AC0100803CA2 /* FahrensiusConverterTests */,
				D03B82101FB9AC0100803CA2 /* Products */,
			);
			sourceTree = "<group>";
		};
		D03B82101FB9AC0100803CA2 /* Products */ = {
			isa = PBXGroup;
			children = (
				D03B820F1FB9AC0100803CA2 /* FahrensiusConverter.app */,
				D03B82231FB9AC0100803CA2 /* FahrensiusConverterTests.xctest */,
			);
			name = Products;
			sourceTree = "<group>";
		};
		D03B82111FB9AC0100803CA2 /* FahrensiusConverter */ = {
			isa = PBXGroup;
			children = (
				D03B82121FB9AC0100803CA2 /* AppDelegate.swift */,
				D03B82141FB9AC0100803CA2 /* ViewController.swift */,
				D03B82161FB9AC0100803CA2 /* Main.storyboard */,
				D03B82191FB9AC0100803CA2 /* Assets.xcassets */,
				D03B821B1FB9AC0100803CA2 /* LaunchScreen.storyboard */,
				D03B821E1FB9AC0100803CA2 /* Info.plist */,
			);
			path = FahrensiusConverter;
			sourceTree = "<group>";
		};
		D03B82261FB9AC0100803CA2 /* FahrensiusConverterTests */ = {
			isa = PBXGroup;
			children = (
				D03B82271FB9AC0100803CA2 /* FahrensiusConverterTests.swift */,
				D03B82291FB9AC0100803CA2 /* Info.plist */,
			);
			path = FahrensiusConverterTests;
			sourceTree = "<group>";
		};
/* End PBXGroup section */

/* Begin PBXNativeTarget section */
		D03B820E1FB9AC0100803CA2 /* FahrensiusConverter */ = {
			isa = PBXNativeTarget;
			buildConfigurationList = D03B822C1FB9AC0100803CA2 /* Build configuration list for PBXNativeTarget "FahrensiusConverter" */;
			buildPhases = (
				D03B820B1FB9AC0100803CA2 /* Sources */,
				D03B820C1FB9AC0100803CA2 /* Frameworks */,
				D03B820D1FB9AC0100803CA2 /* Resources */,
			);
			buildRules = (
			);
			dependencies = (
			);
			name = FahrensiusConverter;
			productName = FahrensiusConverter;
			productReference = D03B820F1FB9AC0100803CA2 /* FahrensiusConverter.app */;
			productType = "com.apple.product-type.application";
		};
		D03B82221FB9AC0100803CA2 /* FahrensiusConverterTests */ = {
			isa = PBXNativeTarget;
			buildConfigurationList = D03B822F1FB9AC0100803CA2 /* Build configuration list for PBXNativeTarget "FahrensiusConverterTests" */;
			buildPhases = (
				D03B821F1FB9AC0100803CA2 /* Sources */,
				D03B82201FB9AC0100803CA2 /* Frameworks */,
				D03B82211FB9AC0100803CA2 /* Resources */,
			);
			buildRules = (
			);
			dependencies = (
				D03B82251FB9AC0100803CA2 /* PBXTargetDependency */,
			);
			name = FahrensiusConverterTests;
			productName = FahrensiusConverterTests;
			productReference = D03B82231FB9AC0100803CA2 /* FahrensiusConverterTests.xctest */;
			productType = "com.apple.product-type.bundle.unit-test";
		};
/* End PBXNativeTarget section */

/* Begin PBXProject section */
		D03B82071FB9AC0100803CA2 /* Project object */ = {
			isa = PBXProject;
			attributes = {
				LastSwiftUpdateCheck = 0910;
				LastUpgradeCheck = 0910;
				ORGANIZATIONNAME = "Sébastien Gaya";
				TargetAttributes = {
					D03B820E1FB9AC0100803CA2 = {
						CreatedOnToolsVersion = 9.1;
						ProvisioningStyle = Automatic;
					};
					D03B82221FB9AC0100803CA2 = {
						CreatedOnToolsVersion = 9.1;
						ProvisioningStyle = Automatic;
						TestTargetID = D03B820E1FB9AC0100803CA2;
					};
				};
			};
			buildConfigurationList = D03B820A1FB9AC0100803CA2 /* Build configuration list for PBXProject "FahrensiusConverter" */;
			compatibilityVersion = "Xcode 8.0";
			developmentRegion = en;
			hasScannedForEncodings = 0;
			knownRegions = (
				en,
				Base,
			);
			mainGroup = D03B82061FB9AC0100803CA2;
			productRefGroup = D03B82101FB9AC0100803CA2 /* Products */;
			projectDirPath = "";
			projectRoot = "";
			targets = (
				D03B820E1FB9AC0100803CA2 /* FahrensiusConverter */,
				D03B82221FB9AC0100803CA2 /* FahrensiusConverterTests */,
			);
		};
/* End PBXProject section */

/* Begin PBXResourcesBuildPhase section */
		D03B820D1FB9AC0100803CA2 /* Resources */ = {
			isa = PBXResourcesBuildPhase;
			buildActionMask = 2147483647;
			files = (
				D03B821D1FB9AC0100803CA2 /* LaunchScreen.storyboard in Resources */,
				D03B821A1FB9AC0100803CA2 /* Assets.xcassets in Resources */,
				D03B82181FB9AC0100803CA2 /* Main.storyboard in Resources */,
			);
			runOnlyForDeploymentPostprocessing = 0;
		};
		D03B82211FB9AC0100803CA2 /* Resources */ = {
			isa = PBXResourcesBuildPhase;
			buildActionMask = 2147483647;
			files = (
			);
			runOnlyForDeploymentPostprocessing = 0;
		};
/* End PBXResourcesBuildPhase section */

/* Begin PBXSourcesBuildPhase section */
		D03B820B1FB9AC0100803CA2 /* Sources */ = {
			isa = PBXSourcesBuildPhase;
			buildActionMask = 2147483647;
			files = (
				D03B82151FB9AC0100803CA2 /* ViewController.swift in Sources */,
				D03B82131FB9AC0100803CA2 /* AppDelegate.swift in Sources */,
			);
			runOnlyForDeploymentPostprocessing = 0;
		};
		D03B821F1FB9AC0100803CA2 /* Sources */ = {
			isa = PBXSourcesBuildPhase;
			buildActionMask = 2147483647;
			files = (
				D03B82281FB9AC0100803CA2 /* FahrensiusConverterTests.swift in Sources */,
			);
			runOnlyForDeploymentPostprocessing = 0;
		};
/* End PBXSourcesBuildPhase section */

/* Begin PBXTargetDependency section */
		D03B82251FB9AC0100803CA2 /* PBXTargetDependency */ = {
			isa = PBXTargetDependency;
			target = D03B820E1FB9AC0100803CA2 /* FahrensiusConverter */;
			targetProxy = D03B82241FB9AC0100803CA2 /* PBXContainerItemProxy */;
		};
/* End PBXTargetDependency section */

/* Begin PBXVariantGroup section */
		D03B82161FB9AC0100803CA2 /* Main.storyboard */ = {
			isa = PBXVariantGroup;
			children = (
				D03B82171FB9AC0100803CA2 /* Base */,
			);
			name = Main.storyboard;
			sourceTree = "<group>";
		};
		D03B821B1FB9AC0100803CA2 /* LaunchScreen.storyboard */ = {
			isa = PBXVariantGroup;
			children = (
				D03B821C1FB9AC0100803CA2 /* Base */,
			);
			name = LaunchScreen.storyboard;
			sourceTree = "<group>";
		};
/* End PBXVariantGroup section */

/* Begin XCBuildConfiguration section */
		D03B822A1FB9AC0100803CA2 /* Debug */ = {
			isa = XCBuildConfiguration;
			buildSettings = {
				ALWAYS_SEARCH_USER_PATHS = NO;
				CLANG_ANALYZER_NONNULL = YES;
				CLANG_ANALYZER_NUMBER_OBJECT_CONVERSION = YES_AGGRESSIVE;
				CLANG_CXX_LANGUAGE_STANDARD = "gnu++14";
				CLANG_CXX_LIBRARY = "libc++";
				CLANG_ENABLE_MODULES = YES;
				CLANG_ENABLE_OBJC_ARC = YES;
				CLANG_WARN_BLOCK_CAPTURE_AUTORELEASING = YES;
				CLANG_WARN_BOOL_CONVERSION = YES;
				CLANG_WARN_COMMA = YES;
				CLANG_WARN_CONSTANT_CONVERSION = YES;
				CLANG_WARN_DIRECT_OBJC_ISA_USAGE = YES_ERROR;
				CLANG_WARN_DOCUMENTATION_COMMENTS = YES;
				CLANG_WARN_EMPTY_BODY = YES;
				CLANG_WARN_ENUM_CONVERSION = YES;
				CLANG_WARN_INFINITE_RECURSION = YES;
				CLANG_WARN_INT_CONVERSION = YES;
				CLANG_WARN_NON_LITERAL_NULL_CONVERSION = YES;
				CLANG_WARN_OBJC_LITERAL_CONVERSION = YES;
				CLANG_WARN_OBJC_ROOT_CLASS = YES_ERROR;
				CLANG_WARN_RANGE_LOOP_ANALYSIS = YES;
				CLANG_WARN_STRICT_PROTOTYPES = YES;
				CLANG_WARN_SUSPICIOUS_MOVE = YES;
				CLANG_WARN_UNGUARDED_AVAILABILITY = YES_AGGRESSIVE;
				CLANG_WARN_UNREACHABLE_CODE = YES;
				CLANG_WARN__DUPLICATE_METHOD_MATCH = YES;
				CODE_SIGN_IDENTITY = "iPhone Developer";
				COPY_PHASE_STRIP = NO;
				DEBUG_INFORMATION_FORMAT = dwarf;
				ENABLE_STRICT_OBJC_MSGSEND = YES;
				ENABLE_TESTABILITY = YES;
				GCC_C_LANGUAGE_STANDARD = gnu11;
				GCC_DYNAMIC_NO_PIC = NO;
				GCC_NO_COMMON_BLOCKS = YES;
				GCC_OPTIMIZATION_LEVEL = 0;
				GCC_PREPROCESSOR_DEFINITIONS = (
					"DEBUG=1",
					"$(inherited)",
				);
				GCC_WARN_64_TO_32_BIT_CONVERSION = YES;
				GCC_WARN_ABOUT_RETURN_TYPE = YES_ERROR;
				GCC_WARN_UNDECLARED_SELECTOR = YES;
				GCC_WARN_UNINITIALIZED_AUTOS = YES_AGGRESSIVE;
				GCC_WARN_UNUSED_FUNCTION = YES;
				GCC_WARN_UNUSED_VARIABLE = YES;
				IPHONEOS_DEPLOYMENT_TARGET = 11.1;
				MTL_ENABLE_DEBUG_INFO = YES;
				ONLY_ACTIVE_ARCH = YES;
				SDKROOT = iphoneos;
				SWIFT_ACTIVE_COMPILATION_CONDITIONS = DEBUG;
				SWIFT_OPTIMIZATION_LEVEL = "-Onone";
			};
			name = Debug;
		};
		D03B822B1FB9AC0100803CA2 /* Release */ = {
			isa = XCBuildConfiguration;
			buildSettings = {
				ALWAYS_SEARCH_USER_PATHS = NO;
				CLANG_ANALYZER_NONNULL = YES;
				CLANG_ANALYZER_NUMBER_OBJECT_CONVERSION = YES_AGGRESSIVE;
				CLANG_CXX_LANGUAGE_STANDARD = "gnu++14";
				CLANG_CXX_LIBRARY = "libc++";
				CLANG_ENABLE_MODULES = YES;
				CLANG_ENABLE_OBJC_ARC = YES;
				CLANG_WARN_BLOCK_CAPTURE_AUTORELEASING = YES;
				CLANG_WARN_BOOL_CONVERSION = YES;
				CLANG_WARN_COMMA = YES;
				CLANG_WARN_CONSTANT_CONVERSION = YES;
				CLANG_WARN_DIRECT_OBJC_ISA_USAGE = YES_ERROR;
				CLANG_WARN_DOCUMENTATION_COMMENTS = YES;
				CLANG_WARN_EMPTY_BODY = YES;
				CLANG_WARN_ENUM_CONVERSION = YES;
				CLANG_WARN_INFINITE_RECURSION = YES;
				CLANG_WARN_INT_CONVERSION = YES;
				CLANG_WARN_NON_LITERAL_NULL_CONVERSION = YES;
				CLANG_WARN_OBJC_LITERAL_CONVERSION = YES;
				CLANG_WARN_OBJC_ROOT_CLASS = YES_ERROR;
				CLANG_WARN_RANGE_LOOP_ANALYSIS = YES;
				CLANG_WARN_STRICT_PROTOTYPES = YES;
				CLANG_WARN_SUSPICIOUS_MOVE = YES;
				CLANG_WARN_UNGUARDED_AVAILABILITY = YES_AGGRESSIVE;
				CLANG_WARN_UNREACHABLE_CODE = YES;
				CLANG_WARN__DUPLICATE_METHOD_MATCH = YES;
				CODE_SIGN_IDENTITY = "iPhone Developer";
				COPY_PHASE_STRIP = NO;
				DEBUG_INFORMATION_FORMAT = "dwarf-with-dsym";
				ENABLE_NS_ASSERTIONS = NO;
				ENABLE_STRICT_OBJC_MSGSEND = YES;
				GCC_C_LANGUAGE_STANDARD = gnu11;
				GCC_NO_COMMON_BLOCKS = YES;
				GCC_WARN_64_TO_32_BIT_CONVERSION = YES;
				GCC_WARN_ABOUT_RETURN_TYPE = YES_ERROR;
				GCC_WARN_UNDECLARED_SELECTOR = YES;
				GCC_WARN_UNINITIALIZED_AUTOS = YES_AGGRESSIVE;
				GCC_WARN_UNUSED_FUNCTION = YES;
				GCC_WARN_UNUSED_VARIABLE = YES;
				IPHONEOS_DEPLOYMENT_TARGET = 11.1;
				MTL_ENABLE_DEBUG_INFO = NO;
				SDKROOT = iphoneos;
				SWIFT_OPTIMIZATION_LEVEL = "-Owholemodule";
				VALIDATE_PRODUCT = YES;
			};
			name = Release;
		};
		D03B822D1FB9AC0100803CA2 /* Debug */ = {
			isa = XCBuildConfiguration;
			buildSettings = {
				ASSETCATALOG_COMPILER_APPICON_NAME = AppIcon;
				CODE_SIGN_STYLE = Automatic;
				DEVELOPMENT_TEAM = 85CYHJQ6V6;
				INFOPLIST_FILE = FahrensiusConverter/Info.plist;
				LD_RUNPATH_SEARCH_PATHS = "$(inherited) @executable_path/Frameworks";
				PRODUCT_BUNDLE_IDENTIFIER = com.sebastiengaya.FahrensiusConverter;
				PRODUCT_NAME = "$(TARGET_NAME)";
				SWIFT_VERSION = 4.0;
				TARGETED_DEVICE_FAMILY = "1,2";
			};
			name = Debug;
		};
		D03B822E1FB9AC0100803CA2 /* Release */ = {
			isa = XCBuildConfiguration;
			buildSettings = {
				ASSETCATALOG_COMPILER_APPICON_NAME = AppIcon;
				CODE_SIGN_STYLE = Automatic;
				DEVELOPMENT_TEAM = 85CYHJQ6V6;
				INFOPLIST_FILE = FahrensiusConverter/Info.plist;
				LD_RUNPATH_SEARCH_PATHS = "$(inherited) @executable_path/Frameworks";
				PRODUCT_BUNDLE_IDENTIFIER = com.sebastiengaya.FahrensiusConverter;
				PRODUCT_NAME = "$(TARGET_NAME)";
				SWIFT_VERSION = 4.0;
				TARGETED_DEVICE_FAMILY = "1,2";
			};
			name = Release;
		};
		D03B82301FB9AC0100803CA2 /* Debug */ = {
			isa = XCBuildConfiguration;
			buildSettings = {
				ALWAYS_EMBED_SWIFT_STANDARD_LIBRARIES = YES;
				BUNDLE_LOADER = "$(TEST_HOST)";
				CODE_SIGN_STYLE = Automatic;
				DEVELOPMENT_TEAM = 85CYHJQ6V6;
				INFOPLIST_FILE = FahrensiusConverterTests/Info.plist;
				LD_RUNPATH_SEARCH_PATHS = "$(inherited) @executable_path/Frameworks @loader_path/Frameworks";
				PRODUCT_BUNDLE_IDENTIFIER = com.sebastiengaya.FahrensiusConverterTests;
				PRODUCT_NAME = "$(TARGET_NAME)";
				SWIFT_VERSION = 4.0;
				TARGETED_DEVICE_FAMILY = "1,2";
				TEST_HOST = "$(BUILT_PRODUCTS_DIR)/FahrensiusConverter.app/FahrensiusConverter";
			};
			name = Debug;
		};
		D03B82311FB9AC0100803CA2 /* Release */ = {
			isa = XCBuildConfiguration;
			buildSettings = {
				ALWAYS_EMBED_SWIFT_STANDARD_LIBRARIES = YES;
				BUNDLE_LOADER = "$(TEST_HOST)";
				CODE_SIGN_STYLE = Automatic;
				DEVELOPMENT_TEAM = 85CYHJQ6V6;
				INFOPLIST_FILE = FahrensiusConverterTests/Info.plist;
				LD_RUNPATH_SEARCH_PATHS = "$(inherited) @executable_path/Frameworks @loader_path/Frameworks";
				PRODUCT_BUNDLE_IDENTIFIER = com.sebastiengaya.FahrensiusConverterTests;
				PRODUCT_NAME = "$(TARGET_NAME)";
				SWIFT_VERSION = 4.0;
				TARGETED_DEVICE_FAMILY = "1,2";
				TEST_HOST = "$(BUILT_PRODUCTS_DIR)/FahrensiusConverter.app/FahrensiusConverter";
			};
			name = Release;
		};
/* End XCBuildConfiguration section */

/* Begin XCConfigurationList section */
		D03B820A1FB9AC0100803CA2 /* Build configuration list for PBXProject "FahrensiusConverter" */ = {
			isa = XCConfigurationList;
			buildConfigurations = (
				D03B822A1FB9AC0100803CA2 /* Debug */,
				D03B822B1FB9AC0100803CA2 /* Release */,
			);
			defaultConfigurationIsVisible = 0;
			defaultConfigurationName = Release;
		};
		D03B822C1FB9AC0100803CA2 /* Build configuration list for PBXNativeTarget "FahrensiusConverter" */ = {
			isa = XCConfigurationList;
			buildConfigurations = (
				D03B822D1FB9AC0100803CA2 /* Debug */,
				D03B822E1FB9AC0100803CA2 /* Release */,
			);
			defaultConfigurationIsVisible = 0;
			defaultConfigurationName = Release;
		};
		D03B822F1FB9AC0100803CA2 /* Build configuration list for PBXNativeTarget "FahrensiusConverterTests" */ = {
			isa = XCConfigurationList;
			buildConfigurations = (
				D03B82301FB9AC0100803CA2 /* Debug */,
				D03B82311FB9AC0100803CA2 /* Release */,
			);
			defaultConfigurationIsVisible = 0;
			defaultConfigurationName = Release;
		};
/* End XCConfigurationList section */
	};
	rootObject = D03B82071FB9AC0100803CA2 /* Project object */;
}
